
Microsoft Visual Studio Solution File, Format Version 12.00
# Visual Studio Version 16
VisualStudioVersion = 16.0.31205.134
MinimumVisualStudioVersion = 10.0.40219.1
Project("{FAE04EC0-301F-11D3-BF4B-00C04F79EFBC}") = "StatePattern", "StatePattern\StatePattern.csproj", "{3796F730-84C4-4274-A9A6-69C7A23EF995}"
EndProject
Project("{FAE04EC0-301F-11D3-BF4B-00C04F79EFBC}") = "TestingConsole", "TestingConsole\TestingConsole.csproj", "{50B02650-F30E-47CE-BB22-D9830D651143}"
EndProject
Global
	GlobalSection(SolutionConfigurationPlatforms) = preSolution
		Debug|Any CPU = Debug|Any CPU
		Release|Any CPU = Release|Any CPU
	EndGlobalSection
	GlobalSection(ProjectConfigurationPlatforms) = postSolution
		{3796F730-84C4-4274-A9A6-69C7A23EF995}.Debug|Any CPU.ActiveCfg = Debug|Any CPU
		{3796F730-84C4-4274-A9A6-69C7A23EF995}.Debug|Any CPU.Build.0 = Debug|Any CPU
		{3796F730-84C4-4274-A9A6-69C7A23EF995}.Release|Any CPU.ActiveCfg = Release|Any CPU
		{3796F730-84C4-4274-A9A6-69C7A23EF995}.Release|Any CPU.Build.0 = Release|Any CPU
		{50B02650-F30E-47CE-BB22-D9830D651143}.Debug|Any CPU.ActiveCfg = Debug|Any CPU
		{50B02650-F30E-47CE-BB22-D9830D651143}.Debug|Any CPU.Build.0 = Debug|Any CPU
		{50B02650-F30E-47CE-BB22-D9830D651143}.Release|Any CPU.ActiveCfg = Release|Any CPU
		{50B02650-F30E-47CE-BB22-D9830D651143}.Release|Any CPU.Build.0 = Release|Any CPU
	EndGlobalSection
	GlobalSection(SolutionProperties) = preSolution
		HideSolutionNode = FALSE
	EndGlobalSection
	GlobalSection(ExtensibilityGlobals) = postSolution
		SolutionGuid = {C7173FCB-DB83-4AC4-81E0-D4DCBFBCCFB5}
	EndGlobalSection
EndGlobal
